
Microsoft Visual Studio Solution File, Format Version 12.00
# Visual Studio 14
VisualStudioVersion = 14.0.23107.0
MinimumVisualStudioVersion = 10.0.40219.1
Project("{262852C6-CD72-467D-83FE-5EEB1973A190}") = "sqltrial", "sqltrial\sqltrial.jsproj", "{B420E0B9-C319-4914-8874-6F82E059D5DA}"
EndProject
Global
	GlobalSection(SolutionConfigurationPlatforms) = preSolution
		Debug|Android = Debug|Android
		Debug|iOS = Debug|iOS
		Debug|Windows Phone (Universal) = Debug|Windows Phone (Universal)
		Debug|Windows Phone 8 = Debug|Windows Phone 8
		Debug|Windows-AnyCPU = Debug|Windows-AnyCPU
		Debug|Windows-ARM = Debug|Windows-ARM
		Debug|Windows-x64 = Debug|Windows-x64
		Debug|Windows-x86 = Debug|Windows-x86
		Release|Android = Release|Android
		Release|iOS = Release|iOS
		Release|Windows Phone (Universal) = Release|Windows Phone (Universal)
		Release|Windows Phone 8 = Release|Windows Phone 8
		Release|Windows-AnyCPU = Release|Windows-AnyCPU
		Release|Windows-ARM = Release|Windows-ARM
		Release|Windows-x64 = Release|Windows-x64
		Release|Windows-x86 = Release|Windows-x86
	EndGlobalSection
	GlobalSection(ProjectConfigurationPlatforms) = postSolution
		{B420E0B9-C319-4914-8874-6F82E059D5DA}.Debug|Android.ActiveCfg = Debug|Android
		{B420E0B9-C319-4914-8874-6F82E059D5DA}.Debug|Android.Build.0 = Debug|Android
		{B420E0B9-C319-4914-8874-6F82E059D5DA}.Debug|Android.Deploy.0 = Debug|Android
		{B420E0B9-C319-4914-8874-6F82E059D5DA}.Debug|iOS.ActiveCfg = Debug|iOS
		{B420E0B9-C319-4914-8874-6F82E059D5DA}.Debug|iOS.Build.0 = Debug|iOS
		{B420E0B9-C319-4914-8874-6F82E059D5DA}.Debug|iOS.Deploy.0 = Debug|iOS
		{B420E0B9-C319-4914-8874-6F82E059D5DA}.Debug|Windows Phone (Universal).ActiveCfg = Debug|Windows Phone (Universal)
		{B420E0B9-C319-4914-8874-6F82E059D5DA}.Debug|Windows Phone (Universal).Build.0 = Debug|Windows Phone (Universal)
		{B420E0B9-C319-4914-8874-6F82E059D5DA}.Debug|Windows Phone (Universal).Deploy.0 = Debug|Windows Phone (Universal)
		{B420E0B9-C319-4914-8874-6F82E059D5DA}.Debug|Windows Phone 8.ActiveCfg = Debug|Windows Phone 8
		{B420E0B9-C319-4914-8874-6F82E059D5DA}.Debug|Windows Phone 8.Build.0 = Debug|Windows Phone 8
		{B420E0B9-C319-4914-8874-6F82E059D5DA}.Debug|Windows Phone 8.Deploy.0 = Debug|Windows Phone 8
		{B420E0B9-C319-4914-8874-6F82E059D5DA}.Debug|Windows-AnyCPU.ActiveCfg = Debug|Windows-AnyCPU
		{B420E0B9-C319-4914-8874-6F82E059D5DA}.Debug|Windows-AnyCPU.Build.0 = Debug|Windows-AnyCPU
		{B420E0B9-C319-4914-8874-6F82E059D5DA}.Debug|Windows-AnyCPU.Deploy.0 = Debug|Windows-AnyCPU
		{B420E0B9-C319-4914-8874-6F82E059D5DA}.Debug|Windows-ARM.ActiveCfg = Debug|Windows-ARM
		{B420E0B9-C319-4914-8874-6F82E059D5DA}.Debug|Windows-ARM.Build.0 = Debug|Windows-ARM
		{B420E0B9-C319-4914-8874-6F82E059D5DA}.Debug|Windows-ARM.Deploy.0 = Debug|Windows-ARM
		{B420E0B9-C319-4914-8874-6F82E059D5DA}.Debug|Windows-x64.ActiveCfg = Debug|Windows-x64
		{B420E0B9-C319-4914-8874-6F82E059D5DA}.Debug|Windows-x64.Build.0 = Debug|Windows-x64
		{B420E0B9-C319-4914-8874-6F82E059D5DA}.Debug|Windows-x64.Deploy.0 = Debug|Windows-x64
		{B420E0B9-C319-4914-8874-6F82E059D5DA}.Debug|Windows-x86.ActiveCfg = Debug|Windows-x86
		{B420E0B9-C319-4914-8874-6F82E059D5DA}.Debug|Windows-x86.Build.0 = Debug|Windows-x86
		{B420E0B9-C319-4914-8874-6F82E059D5DA}.Debug|Windows-x86.Deploy.0 = Debug|Windows-x86
		{B420E0B9-C319-4914-8874-6F82E059D5DA}.Release|Android.ActiveCfg = Release|Android
		{B420E0B9-C319-4914-8874-6F82E059D5DA}.Release|Android.Build.0 = Release|Android
		{B420E0B9-C319-4914-8874-6F82E059D5DA}.Release|Android.Deploy.0 = Release|Android
		{B420E0B9-C319-4914-8874-6F82E059D5DA}.Release|iOS.ActiveCfg = Release|iOS
		{B420E0B9-C319-4914-8874-6F82E059D5DA}.Release|iOS.Build.0 = Release|iOS
		{B420E0B9-C319-4914-8874-6F82E059D5DA}.Release|iOS.Deploy.0 = Release|iOS
		{B420E0B9-C319-4914-8874-6F82E059D5DA}.Release|Windows Phone (Universal).ActiveCfg = Release|Windows Phone (Universal)
		{B420E0B9-C319-4914-8874-6F82E059D5DA}.Release|Windows Phone (Universal).Build.0 = Release|Windows Phone (Universal)
		{B420E0B9-C319-4914-8874-6F82E059D5DA}.Release|Windows Phone (Universal).Deploy.0 = Release|Windows Phone (Universal)
		{B420E0B9-C319-4914-8874-6F82E059D5DA}.Release|Windows Phone 8.ActiveCfg = Release|Windows Phone 8
		{B420E0B9-C319-4914-8874-6F82E059D5DA}.Release|Windows Phone 8.Build.0 = Release|Windows Phone 8
		{B420E0B9-C319-4914-8874-6F82E059D5DA}.Release|Windows Phone 8.Deploy.0 = Release|Windows Phone 8
		{B420E0B9-C319-4914-8874-6F82E059D5DA}.Release|Windows-AnyCPU.ActiveCfg = Release|Windows-AnyCPU
		{B420E0B9-C319-4914-8874-6F82E059D5DA}.Release|Windows-AnyCPU.Build.0 = Release|Windows-AnyCPU
		{B420E0B9-C319-4914-8874-6F82E059D5DA}.Release|Windows-AnyCPU.Deploy.0 = Release|Windows-AnyCPU
		{B420E0B9-C319-4914-8874-6F82E059D5DA}.Release|Windows-ARM.ActiveCfg = Release|Windows-ARM
		{B420E0B9-C319-4914-8874-6F82E059D5DA}.Release|Windows-ARM.Build.0 = Release|Windows-ARM
		{B420E0B9-C319-4914-8874-6F82E059D5DA}.Release|Windows-ARM.Deploy.0 = Release|Windows-ARM
		{B420E0B9-C319-4914-8874-6F82E059D5DA}.Release|Windows-x64.ActiveCfg = Release|Windows-x64
		{B420E0B9-C319-4914-8874-6F82E059D5DA}.Release|Windows-x64.Build.0 = Release|Windows-x64
		{B420E0B9-C319-4914-8874-6F82E059D5DA}.Release|Windows-x64.Deploy.0 = Release|Windows-x64
		{B420E0B9-C319-4914-8874-6F82E059D5DA}.Release|Windows-x86.ActiveCfg = Release|Windows-x86
		{B420E0B9-C319-4914-8874-6F82E059D5DA}.Release|Windows-x86.Build.0 = Release|Windows-x86
		{B420E0B9-C319-4914-8874-6F82E059D5DA}.Release|Windows-x86.Deploy.0 = Release|Windows-x86
	EndGlobalSection
	GlobalSection(SolutionProperties) = preSolution
		HideSolutionNode = FALSE
	EndGlobalSection
EndGlobal
